
Microsoft Visual Studio Solution File, Format Version 12.00
# Visual Studio Version 17
VisualStudioVersion = 17.5.33502.453
MinimumVisualStudioVersion = 10.0.40219.1
Project("{FAE04EC0-301F-11D3-BF4B-00C04F79EFBC}") = "PveExiled", "PveExiled\PveExiled.csproj", "{F9AA9B60-6F4D-4AD9-9272-E4B1B0B2539D}"
EndProject
Global
	GlobalSection(SolutionConfigurationPlatforms) = preSolution
		Debug|Any CPU = Debug|Any CPU
		Release|Any CPU = Release|Any CPU
	EndGlobalSection
	GlobalSection(ProjectConfigurationPlatforms) = postSolution
		{F9AA9B60-6F4D-4AD9-9272-E4B1B0B2539D}.Debug|Any CPU.ActiveCfg = Debug|Any CPU
		{F9AA9B60-6F4D-4AD9-9272-E4B1B0B2539D}.Debug|Any CPU.Build.0 = Debug|Any CPU
		{F9AA9B60-6F4D-4AD9-9272-E4B1B0B2539D}.Release|Any CPU.ActiveCfg = Release|Any CPU
		{F9AA9B60-6F4D-4AD9-9272-E4B1B0B2539D}.Release|Any CPU.Build.0 = Release|Any CPU
	EndGlobalSection
	GlobalSection(SolutionProperties) = preSolution
		HideSolutionNode = FALSE
	EndGlobalSection
	GlobalSection(ExtensibilityGlobals) = postSolution
		SolutionGuid = {62C14EE3-09C1-4E29-9CCB-D0D1E81CF584}
	EndGlobalSection
EndGlobal
